Microsoft Visual Studio Solution File, Format Version 12.00
# Visual Studio 2012
Project("{FAE04EC0-301F-11D3-BF4B-00C04F79EFBC}") = "Metroidarium", "Metroidarium.csproj", "{393D4A94-8AC2-4DDA-8BCB-AA41E1EE02CE}"
EndProject
Global
	GlobalSection(SolutionConfigurationPlatforms) = preSolution
	Debug|Any CPU = Debug|Any CPU
	ExportDebug|Any CPU = ExportDebug|Any CPU
	ExportRelease|Any CPU = ExportRelease|Any CPU
	EndGlobalSection
	GlobalSection(ProjectConfigurationPlatforms) = postSolution
		{393D4A94-8AC2-4DDA-8BCB-AA41E1EE02CE}.Debug|Any CPU.ActiveCfg = Debug|Any CPU
		{393D4A94-8AC2-4DDA-8BCB-AA41E1EE02CE}.Debug|Any CPU.Build.0 = Debug|Any CPU
		{393D4A94-8AC2-4DDA-8BCB-AA41E1EE02CE}.ExportDebug|Any CPU.ActiveCfg = ExportDebug|Any CPU
		{393D4A94-8AC2-4DDA-8BCB-AA41E1EE02CE}.ExportDebug|Any CPU.Build.0 = ExportDebug|Any CPU
		{393D4A94-8AC2-4DDA-8BCB-AA41E1EE02CE}.ExportRelease|Any CPU.ActiveCfg = ExportRelease|Any CPU
		{393D4A94-8AC2-4DDA-8BCB-AA41E1EE02CE}.ExportRelease|Any CPU.Build.0 = ExportRelease|Any CPU
	EndGlobalSection
EndGlobal
